// !$*UTF8*$!
{
	archiveVersion = 1;
	classes = {
	};
	objectVersion = 56;
	objects = {

/* Begin PBXBuildFile section */
		61F157BC291178E800179100 /* MISAppApp.swift in Sources */ = {isa = PBXBuildFile; fileRef = 61F157BB291178E800179100 /* MISAppApp.swift */; };
		61F157BE291178E800179100 /* ContentView.swift in Sources */ = {isa = PBXBuildFile; fileRef = 61F157BD291178E800179100 /* ContentView.swift */; };
		61F157C0291178EA00179100 /* Assets.xcassets in Resources */ = {isa = PBXBuildFile; fileRef = 61F157BF291178EA00179100 /* Assets.xcassets */; };
		61F157C3291178EA00179100 /* Preview Assets.xcassets in Resources */ = {isa = PBXBuildFile; fileRef = 61F157C2291178EA00179100 /* Preview Assets.xcassets */; };
		61F157CB2911794800179100 /* ViewA.swift in Sources */ = {isa = PBXBuildFile; fileRef = 61F157CA2911794800179100 /* ViewA.swift */; };
		61F157CD2911795300179100 /* ViewB.swift in Sources */ = {isa = PBXBuildFile; fileRef = 61F157CC2911795300179100 /* ViewB.swift */; };
		61F157CF2911795C00179100 /* ViewC.swift in Sources */ = {isa = PBXBuildFile; fileRef = 61F157CE2911795C00179100 /* ViewC.swift */; };
		61F157D12911823800179100 /* Professors.swift in Sources */ = {isa = PBXBuildFile; fileRef = 61F157D02911823800179100 /* Professors.swift */; };
		EBA69BE0291D641C0014BEF6 /* myFont.ttf in Resources */ = {isa = PBXBuildFile; fileRef = EBA69BDF291D641C0014BEF6 /* myFont.ttf */; };
		EBD4480A29232C0E001B96B3 /* ViewD.swift in Sources */ = {isa = PBXBuildFile; fileRef = EBD4480929232C0E001B96B3 /* ViewD.swift */; };
		EBD4480C2923355B001B96B3 /* ExecMembers.swift in Sources */ = {isa = PBXBuildFile; fileRef = EBD4480B2923355B001B96B3 /* ExecMembers.swift */; };
/* End PBXBuildFile section */

/* Begin PBXFileReference section */
		61F157B8291178E800179100 /* MISApp.app */ = {isa = PBXFileReference; explicitFileType = wrapper.application; includeInIndex = 0; path = MISApp.app; sourceTree = BUILT_PRODUCTS_DIR; };
		61F157BB291178E800179100 /* MISAppApp.swift */ = {isa = PBXFileReference; lastKnownFileType = sourcecode.swift; path = MISAppApp.swift; sourceTree = "<group>"; };
		61F157BD291178E800179100 /* ContentView.swift */ = {isa = PBXFileReference; lastKnownFileType = sourcecode.swift; path = ContentView.swift; sourceTree = "<group>"; };
		61F157BF291178EA00179100 /* Assets.xcassets */ = {isa = PBXFileReference; lastKnownFileType = folder.assetcatalog; path = Assets.xcassets; sourceTree = "<group>"; };
		61F157C2291178EA00179100 /* Preview Assets.xcassets */ = {isa = PBXFileReference; lastKnownFileType = folder.assetcatalog; path = "Preview Assets.xcassets"; sourceTree = "<group>"; };
		61F157CA2911794800179100 /* ViewA.swift */ = {isa = PBXFileReference; lastKnownFileType = sourcecode.swift; path = ViewA.swift; sourceTree = "<group>"; };
		61F157CC2911795300179100 /* ViewB.swift */ = {isa = PBXFileReference; lastKnownFileType = sourcecode.swift; path = ViewB.swift; sourceTree = "<group>"; };
		61F157CE2911795C00179100 /* ViewC.swift */ = {isa = PBXFileReference; lastKnownFileType = sourcecode.swift; path = ViewC.swift; sourceTree = "<group>"; };
		61F157D02911823800179100 /* Professors.swift */ = {isa = PBXFileReference; lastKnownFileType = sourcecode.swift; path = Professors.swift; sourceTree = "<group>"; };
		EBA69BDF291D641C0014BEF6 /* myFont.ttf */ = {isa = PBXFileReference; lastKnownFileType = file; path = myFont.ttf; sourceTree = "<group>"; };
		EBD4480929232C0E001B96B3 /* ViewD.swift */ = {isa = PBXFileReference; lastKnownFileType = sourcecode.swift; path = ViewD.swift; sourceTree = "<group>"; };
		EBD4480B2923355B001B96B3 /* ExecMembers.swift */ = {isa = PBXFileReference; lastKnownFileType = sourcecode.swift; path = ExecMembers.swift; sourceTree = "<group>"; };
/* End PBXFileReference section */

/* Begin PBXFrameworksBuildPhase section */
		61F157B5291178E800179100 /* Frameworks */ = {
			isa = PBXFrameworksBuildPhase;
			buildActionMask = 2147483647;
			files = (
			);
			runOnlyForDeploymentPostprocessing = 0;
		};
/* End PBXFrameworksBuildPhase section */

/* Begin PBXGroup section */
		61F157AF291178E800179100 = {
			isa = PBXGroup;
			children = (
				61F157BA291178E800179100 /* MISApp */,
				61F157B9291178E800179100 /* Products */,
			);
			sourceTree = "<group>";
		};
		61F157B9291178E800179100 /* Products */ = {
			isa = PBXGroup;
			children = (
				61F157B8291178E800179100 /* MISApp.app */,
			);
			name = Products;
			sourceTree = "<group>";
		};
		61F157BA291178E800179100 /* MISApp */ = {
			isa = PBXGroup;
			children = (
				61F157C92911792500179100 /* Views */,
				61F157BD291178E800179100 /* ContentView.swift */,
				61F157BF291178EA00179100 /* Assets.xcassets */,
				61F157C1291178EA00179100 /* Preview Content */,
			);
			path = MISApp;
			sourceTree = "<group>";
		};
		61F157C1291178EA00179100 /* Preview Content */ = {
			isa = PBXGroup;
			children = (
				61F157D02911823800179100 /* Professors.swift */,
				61F157C2291178EA00179100 /* Preview Assets.xcassets */,
				EBA69BDF291D641C0014BEF6 /* myFont.ttf */,
			);
			path = "Preview Content";
			sourceTree = "<group>";
		};
		61F157C92911792500179100 /* Views */ = {
			isa = PBXGroup;
			children = (
				61F157CA2911794800179100 /* ViewA.swift */,
				61F157CC2911795300179100 /* ViewB.swift */,
				61F157CE2911795C00179100 /* ViewC.swift */,
				EBD4480929232C0E001B96B3 /* ViewD.swift */,
				EBD4480B2923355B001B96B3 /* ExecMembers.swift */,
				61F157BB291178E800179100 /* MISAppApp.swift */,
			);
			path = Views;
			sourceTree = "<group>";
		};
/* End PBXGroup section */

/* Begin PBXNativeTarget section */
		61F157B7291178E800179100 /* MISApp */ = {
			isa = PBXNativeTarget;
			buildConfigurationList = 61F157C6291178EA00179100 /* Build configuration list for PBXNativeTarget "MISApp" */;
			buildPhases = (
				61F157B4291178E800179100 /* Sources */,
				61F157B5291178E800179100 /* Frameworks */,
				61F157B6291178E800179100 /* Resources */,
			);
			buildRules = (
			);
			dependencies = (
			);
			name = MISApp;
			productName = MISApp;
			productReference = 61F157B8291178E800179100 /* MISApp.app */;
			productType = "com.apple.product-type.application";
		};
/* End PBXNativeTarget section */

/* Begin PBXProject section */
		61F157B0291178E800179100 /* Project object */ = {
			isa = PBXProject;
			attributes = {
				BuildIndependentTargetsInParallel = 1;
				LastSwiftUpdateCheck = 1400;
				LastUpgradeCheck = 1400;
				TargetAttributes = {
					61F157B7291178E800179100 = {
						CreatedOnToolsVersion = 14.0.1;
					};
				};
			};
			buildConfigurationList = 61F157B3291178E800179100 /* Build configuration list for PBXProject "MISApp" */;
			compatibilityVersion = "Xcode 14.0";
			developmentRegion = en;
			hasScannedForEncodings = 0;
			knownRegions = (
				en,
				Base,
			);
			mainGroup = 61F157AF291178E800179100;
			productRefGroup = 61F157B9291178E800179100 /* Products */;
			projectDirPath = "";
			projectRoot = "";
			targets = (
				61F157B7291178E800179100 /* MISApp */,
			);
		};
/* End PBXProject section */

/* Begin PBXResourcesBuildPhase section */
		61F157B6291178E800179100 /* Resources */ = {
			isa = PBXResourcesBuildPhase;
			buildActionMask = 2147483647;
			files = (
				EBA69BE0291D641C0014BEF6 /* myFont.ttf in Resources */,
				61F157C3291178EA00179100 /* Preview Assets.xcassets in Resources */,
				61F157C0291178EA00179100 /* Assets.xcassets in Resources */,
			);
			runOnlyForDeploymentPostprocessing = 0;
		};
/* End PBXResourcesBuildPhase section */

/* Begin PBXSourcesBuildPhase section */
		61F157B4291178E800179100 /* Sources */ = {
			isa = PBXSourcesBuildPhase;
			buildActionMask = 2147483647;
			files = (
				61F157BE291178E800179100 /* ContentView.swift in Sources */,
				61F157CB2911794800179100 /* ViewA.swift in Sources */,
				61F157CF2911795C00179100 /* ViewC.swift in Sources */,
				EBD4480A29232C0E001B96B3 /* ViewD.swift in Sources */,
				EBD4480C2923355B001B96B3 /* ExecMembers.swift in Sources */,
				61F157D12911823800179100 /* Professors.swift in Sources */,
				61F157BC291178E800179100 /* MISAppApp.swift in Sources */,
				61F157CD2911795300179100 /* ViewB.swift in Sources */,
			);
			runOnlyForDeploymentPostprocessing = 0;
		};
/* End PBXSourcesBuildPhase section */

/* Begin XCBuildConfiguration section */
		61F157C4291178EA00179100 /* Debug */ = {
			isa = XCBuildConfiguration;
			buildSettings = {
				ALWAYS_SEARCH_USER_PATHS = NO;
				CLANG_ANALYZER_NONNULL = YES;
				CLANG_ANALYZER_NUMBER_OBJECT_CONVERSION = YES_AGGRESSIVE;
				CLANG_CXX_LANGUAGE_STANDARD = "gnu++20";
				CLANG_ENABLE_MODULES = YES;
				CLANG_ENABLE_OBJC_ARC = YES;
				CLANG_ENABLE_OBJC_WEAK = YES;
				CLANG_WARN_BLOCK_CAPTURE_AUTORELEASING = YES;
				CLANG_WARN_BOOL_CONVERSION = YES;
				CLANG_WARN_COMMA = YES;
				CLANG_WARN_CONSTANT_CONVERSION = YES;
				CLANG_WARN_DEPRECATED_OBJC_IMPLEMENTATIONS = YES;
				CLANG_WARN_DIRECT_OBJC_ISA_USAGE = YES_ERROR;
				CLANG_WARN_DOCUMENTATION_COMMENTS = YES;
				CLANG_WARN_EMPTY_BODY = YES;
				CLANG_WARN_ENUM_CONVERSION = YES;
				CLANG_WARN_INFINITE_RECURSION = YES;
				CLANG_WARN_INT_CONVERSION = YES;
				CLANG_WARN_NON_LITERAL_NULL_CONVERSION = YES;
				CLANG_WARN_OBJC_IMPLICIT_RETAIN_SELF = YES;
				CLANG_WARN_OBJC_LITERAL_CONVERSION = YES;
				CLANG_WARN_OBJC_ROOT_CLASS = YES_ERROR;
				CLANG_WARN_QUOTED_INCLUDE_IN_FRAMEWORK_HEADER = YES;
				CLANG_WARN_RANGE_LOOP_ANALYSIS = YES;
				CLANG_WARN_STRICT_PROTOTYPES = YES;
				CLANG_WARN_SUSPICIOUS_MOVE = YES;
				CLANG_WARN_UNGUARDED_AVAILABILITY = YES_AGGRESSIVE;
				CLANG_WARN_UNREACHABLE_CODE = YES;
				CLANG_WARN__DUPLICATE_METHOD_MATCH = YES;
				COPY_PHASE_STRIP = NO;
				DEBUG_INFORMATION_FORMAT = dwarf;
				ENABLE_STRICT_OBJC_MSGSEND = YES;
				ENABLE_TESTABILITY = YES;
				GCC_C_LANGUAGE_STANDARD = gnu11;
				GCC_DYNAMIC_NO_PIC = NO;
				GCC_NO_COMMON_BLOCKS = YES;
				GCC_OPTIMIZATION_LEVEL = 0;
				GCC_PREPROCESSOR_DEFINITIONS = (
					"DEBUG=1",
					"$(inherited)",
				);
				GCC_WARN_64_TO_32_BIT_CONVERSION = YES;
				GCC_WARN_ABOUT_RETURN_TYPE = YES_ERROR;
				GCC_WARN_UNDECLARED_SELECTOR = YES;
				GCC_WARN_UNINITIALIZED_AUTOS = YES_AGGRESSIVE;
				GCC_WARN_UNUSED_FUNCTION = YES;
				GCC_WARN_UNUSED_VARIABLE = YES;
				IPHONEOS_DEPLOYMENT_TARGET = 16.0;
				MTL_ENABLE_DEBUG_INFO = INCLUDE_SOURCE;
				MTL_FAST_MATH = YES;
				ONLY_ACTIVE_ARCH = YES;
				SDKROOT = iphoneos;
				SWIFT_ACTIVE_COMPILATION_CONDITIONS = DEBUG;
				SWIFT_OPTIMIZATION_LEVEL = "-Onone";
			};
			name = Debug;
		};
		61F157C5291178EA00179100 /* Release */ = {
			isa = XCBuildConfiguration;
			buildSettings = {
				ALWAYS_SEARCH_USER_PATHS = NO;
				CLANG_ANALYZER_NONNULL = YES;
				CLANG_ANALYZER_NUMBER_OBJECT_CONVERSION = YES_AGGRESSIVE;
				CLANG_CXX_LANGUAGE_STANDARD = "gnu++20";
				CLANG_ENABLE_MODULES = YES;
				CLANG_ENABLE_OBJC_ARC = YES;
				CLANG_ENABLE_OBJC_WEAK = YES;
				CLANG_WARN_BLOCK_CAPTURE_AUTORELEASING = YES;
				CLANG_WARN_BOOL_CONVERSION = YES;
				CLANG_WARN_COMMA = YES;
				CLANG_WARN_CONSTANT_CONVERSION = YES;
				CLANG_WARN_DEPRECATED_OBJC_IMPLEMENTATIONS = YES;
				CLANG_WARN_DIRECT_OBJC_ISA_USAGE = YES_ERROR;
				CLANG_WARN_DOCUMENTATION_COMMENTS = YES;
				CLANG_WARN_EMPTY_BODY = YES;
				CLANG_WARN_ENUM_CONVERSION = YES;
				CLANG_WARN_INFINITE_RECURSION = YES;
				CLANG_WARN_INT_CONVERSION = YES;
				CLANG_WARN_NON_LITERAL_NULL_CONVERSION = YES;
				CLANG_WARN_OBJC_IMPLICIT_RETAIN_SELF = YES;
				CLANG_WARN_OBJC_LITERAL_CONVERSION = YES;
				CLANG_WARN_OBJC_ROOT_CLASS = YES_ERROR;
				CLANG_WARN_QUOTED_INCLUDE_IN_FRAMEWORK_HEADER = YES;
				CLANG_WARN_RANGE_LOOP_ANALYSIS = YES;
				CLANG_WARN_STRICT_PROTOTYPES = YES;
				CLANG_WARN_SUSPICIOUS_MOVE = YES;
				CLANG_WARN_UNGUARDED_AVAILABILITY = YES_AGGRESSIVE;
				CLANG_WARN_UNREACHABLE_CODE = YES;
				CLANG_WARN__DUPLICATE_METHOD_MATCH = YES;
				COPY_PHASE_STRIP = NO;
				DEBUG_INFORMATION_FORMAT = "dwarf-with-dsym";
				ENABLE_NS_ASSERTIONS = NO;
				ENABLE_STRICT_OBJC_MSGSEND = YES;
				GCC_C_LANGUAGE_STANDARD = gnu11;
				GCC_NO_COMMON_BLOCKS = YES;
				GCC_WARN_64_TO_32_BIT_CONVERSION = YES;
				GCC_WARN_ABOUT_RETURN_TYPE = YES_ERROR;
				GCC_WARN_UNDECLARED_SELECTOR = YES;
				GCC_WARN_UNINITIALIZED_AUTOS = YES_AGGRESSIVE;
				GCC_WARN_UNUSED_FUNCTION = YES;
				GCC_WARN_UNUSED_VARIABLE = YES;
				IPHONEOS_DEPLOYMENT_TARGET = 16.0;
				MTL_ENABLE_DEBUG_INFO = NO;
				MTL_FAST_MATH = YES;
				SDKROOT = iphoneos;
				SWIFT_COMPILATION_MODE = wholemodule;
				SWIFT_OPTIMIZATION_LEVEL = "-O";
				VALIDATE_PRODUCT = YES;
			};
			name = Release;
		};
		61F157C7291178EA00179100 /* Debug */ = {
			isa = XCBuildConfiguration;
			buildSettings = {
				ASSETCATALOG_COMPILER_APPICON_NAME = AppIcon;
				ASSETCATALOG_COMPILER_GLOBAL_ACCENT_COLOR_NAME = AccentColor;
				CODE_SIGN_STYLE = Automatic;
				CURRENT_PROJECT_VERSION = 1;
				DEVELOPMENT_ASSET_PATHS = "\"MISApp/Preview Content\"";
				ENABLE_PREVIEWS = YES;
				GENERATE_INFOPLIST_FILE = YES;
				INFOPLIST_KEY_UIApplicationSceneManifest_Generation = YES;
				INFOPLIST_KEY_UIApplicationSupportsIndirectInputEvents = YES;
				INFOPLIST_KEY_UILaunchScreen_Generation = YES;
				INFOPLIST_KEY_UISupportedInterfaceOrientations_iPad = "UIInterfaceOrientationPortrait UIInterfaceOrientationPortraitUpsideDown UIInterfaceOrientationLandscapeLeft UIInterfaceOrientationLandscapeRight";
				INFOPLIST_KEY_UISupportedInterfaceOrientations_iPhone = "UIInterfaceOrientationPortrait UIInterfaceOrientationLandscapeLeft UIInterfaceOrientationLandscapeRight";
				LD_RUNPATH_SEARCH_PATHS = (
					"$(inherited)",
					"@executable_path/Frameworks",
				);
				MARKETING_VERSION = 1.0;
				PRODUCT_BUNDLE_IDENTIFIER = com.codepalace.MISApp;
				PRODUCT_NAME = "$(TARGET_NAME)";
				SWIFT_EMIT_LOC_STRINGS = YES;
				SWIFT_VERSION = 5.0;
				TARGETED_DEVICE_FAMILY = "1,2";
			};
			name = Debug;
		};
		61F157C8291178EA00179100 /* Release */ = {
			isa = XCBuildConfiguration;
			buildSettings = {
				ASSETCATALOG_COMPILER_APPICON_NAME = AppIcon;
				ASSETCATALOG_COMPILER_GLOBAL_ACCENT_COLOR_NAME = AccentColor;
				CODE_SIGN_STYLE = Automatic;
				CURRENT_PROJECT_VERSION = 1;
				DEVELOPMENT_ASSET_PATHS = "\"MISApp/Preview Content\"";
				ENABLE_PREVIEWS = YES;
				GENERATE_INFOPLIST_FILE = YES;
				INFOPLIST_KEY_UIApplicationSceneManifest_Generation = YES;
				INFOPLIST_KEY_UIApplicationSupportsIndirectInputEvents = YES;
				INFOPLIST_KEY_UILaunchScreen_Generation = YES;
				INFOPLIST_KEY_UISupportedInterfaceOrientations_iPad = "UIInterfaceOrientationPortrait UIInterfaceOrientationPortraitUpsideDown UIInterfaceOrientationLandscapeLeft UIInterfaceOrientationLandscapeRight";
				INFOPLIST_KEY_UISupportedInterfaceOrientations_iPhone = "UIInterfaceOrientationPortrait UIInterfaceOrientationLandscapeLeft UIInterfaceOrientationLandscapeRight";
				LD_RUNPATH_SEARCH_PATHS = (
					"$(inherited)",
					"@executable_path/Frameworks",
				);
				MARKETING_VERSION = 1.0;
				PRODUCT_BUNDLE_IDENTIFIER = com.codepalace.MISApp;
				PRODUCT_NAME = "$(TARGET_NAME)";
				SWIFT_EMIT_LOC_STRINGS = YES;
				SWIFT_VERSION = 5.0;
				TARGETED_DEVICE_FAMILY = "1,2";
			};
			name = Release;
		};
/* End XCBuildConfiguration section */

/* Begin XCConfigurationList section */
		61F157B3291178E800179100 /* Build configuration list for PBXProject "MISApp" */ = {
			isa = XCConfigurationList;
			buildConfigurations = (
				61F157C4291178EA00179100 /* Debug */,
				61F157C5291178EA00179100 /* Release */,
			);
			defaultConfigurationIsVisible = 0;
			defaultConfigurationName = Release;
		};
		61F157C6291178EA00179100 /* Build configuration list for PBXNativeTarget "MISApp" */ = {
			isa = XCConfigurationList;
			buildConfigurations = (
				61F157C7291178EA00179100 /* Debug */,
				61F157C8291178EA00179100 /* Release */,
			);
			defaultConfigurationIsVisible = 0;
			defaultConfigurationName = Release;
		};
/* End XCConfigurationList section */
	};
	rootObject = 61F157B0291178E800179100 /* Project object */;
}
